
Microsoft Visual Studio Solution File, Format Version 12.00
# Visual Studio Version 16
VisualStudioVersion = 16.0.30128.74
MinimumVisualStudioVersion = 10.0.40219.1
Project("{FAE04EC0-301F-11D3-BF4B-00C04F79EFBC}") = "additional", "practice\additional.csproj", "{497590EA-8D9C-4862-9A17-75E7A9B1897A}"
EndProject
Project("{FAE04EC0-301F-11D3-BF4B-00C04F79EFBC}") = "Practice 1", "Practice 1\Practice 1.csproj", "{158E1C9F-7D92-4E6F-A13B-1988B48E2EE2}"
EndProject
Project("{FAE04EC0-301F-11D3-BF4B-00C04F79EFBC}") = "Practice 2", "Practice 2\Practice 2.csproj", "{05878BE7-0976-4832-A47C-FF6911F8B817}"
EndProject
Project("{FAE04EC0-301F-11D3-BF4B-00C04F79EFBC}") = "Practice 3", "Practice 3\Practice 3.csproj", "{565F571B-95A1-4CEB-8AB7-D841E2F45BD7}"
EndProject
Project("{FAE04EC0-301F-11D3-BF4B-00C04F79EFBC}") = "Practice 4", "Practice 4\Practice 4.csproj", "{62D918F2-6343-46AA-9249-10E3714FB896}"
EndProject
Project("{FAE04EC0-301F-11D3-BF4B-00C04F79EFBC}") = "Practice 5", "Practice 5\Practice 5.csproj", "{440C6BBD-362A-4242-A9A6-8130C61EF7B2}"
EndProject
Project("{FAE04EC0-301F-11D3-BF4B-00C04F79EFBC}") = "Practice 6", "Practice 6\Practice 6.csproj", "{55E42DBF-A747-4112-928F-E0E94C38D9E6}"
EndProject
Project("{FAE04EC0-301F-11D3-BF4B-00C04F79EFBC}") = "Practice 7", "Practice 7\Practice 7.csproj", "{B12DBE27-BDE6-42A6-A515-C607664577D8}"
EndProject
Project("{FAE04EC0-301F-11D3-BF4B-00C04F79EFBC}") = "Practice 9", "Practice 9\Practice 9.csproj", "{90A29660-E1A6-43D1-80B2-426CCDF645C3}"
EndProject
Project("{FAE04EC0-301F-11D3-BF4B-00C04F79EFBC}") = "Practice 10", "Practice 10\Practice 10.csproj", "{B35E7897-14DE-47DD-BBFA-14F5B484FEB5}"
EndProject
Project("{FAE04EC0-301F-11D3-BF4B-00C04F79EFBC}") = "Practice 11", "Practice 11\Practice 11.csproj", "{212DA021-AE9D-4B08-A45E-F479C84D8C0D}"
EndProject
Project("{FAE04EC0-301F-11D3-BF4B-00C04F79EFBC}") = "Practice 12", "Practice 12\Practice 12.csproj", "{3816344E-F3E3-4C45-9C10-EB81E30F6E24}"
EndProject
Global
	GlobalSection(SolutionConfigurationPlatforms) = preSolution
		Debug|Any CPU = Debug|Any CPU
		Release|Any CPU = Release|Any CPU
	EndGlobalSection
	GlobalSection(ProjectConfigurationPlatforms) = postSolution
		{497590EA-8D9C-4862-9A17-75E7A9B1897A}.Debug|Any CPU.ActiveCfg = Debug|Any CPU
		{497590EA-8D9C-4862-9A17-75E7A9B1897A}.Debug|Any CPU.Build.0 = Debug|Any CPU
		{497590EA-8D9C-4862-9A17-75E7A9B1897A}.Release|Any CPU.ActiveCfg = Release|Any CPU
		{497590EA-8D9C-4862-9A17-75E7A9B1897A}.Release|Any CPU.Build.0 = Release|Any CPU
		{158E1C9F-7D92-4E6F-A13B-1988B48E2EE2}.Debug|Any CPU.ActiveCfg = Debug|Any CPU
		{158E1C9F-7D92-4E6F-A13B-1988B48E2EE2}.Debug|Any CPU.Build.0 = Debug|Any CPU
		{158E1C9F-7D92-4E6F-A13B-1988B48E2EE2}.Release|Any CPU.ActiveCfg = Release|Any CPU
		{158E1C9F-7D92-4E6F-A13B-1988B48E2EE2}.Release|Any CPU.Build.0 = Release|Any CPU
		{05878BE7-0976-4832-A47C-FF6911F8B817}.Debug|Any CPU.ActiveCfg = Debug|Any CPU
		{05878BE7-0976-4832-A47C-FF6911F8B817}.Debug|Any CPU.Build.0 = Debug|Any CPU
		{05878BE7-0976-4832-A47C-FF6911F8B817}.Release|Any CPU.ActiveCfg = Release|Any CPU
		{05878BE7-0976-4832-A47C-FF6911F8B817}.Release|Any CPU.Build.0 = Release|Any CPU
		{565F571B-95A1-4CEB-8AB7-D841E2F45BD7}.Debug|Any CPU.ActiveCfg = Debug|Any CPU
		{565F571B-95A1-4CEB-8AB7-D841E2F45BD7}.Debug|Any CPU.Build.0 = Debug|Any CPU
		{565F571B-95A1-4CEB-8AB7-D841E2F45BD7}.Release|Any CPU.ActiveCfg = Release|Any CPU
		{565F571B-95A1-4CEB-8AB7-D841E2F45BD7}.Release|Any CPU.Build.0 = Release|Any CPU
		{62D918F2-6343-46AA-9249-10E3714FB896}.Debug|Any CPU.ActiveCfg = Debug|Any CPU
		{62D918F2-6343-46AA-9249-10E3714FB896}.Debug|Any CPU.Build.0 = Debug|Any CPU
		{62D918F2-6343-46AA-9249-10E3714FB896}.Release|Any CPU.ActiveCfg = Release|Any CPU
		{62D918F2-6343-46AA-9249-10E3714FB896}.Release|Any CPU.Build.0 = Release|Any CPU
		{440C6BBD-362A-4242-A9A6-8130C61EF7B2}.Debug|Any CPU.ActiveCfg = Debug|Any CPU
		{440C6BBD-362A-4242-A9A6-8130C61EF7B2}.Debug|Any CPU.Build.0 = Debug|Any CPU
		{440C6BBD-362A-4242-A9A6-8130C61EF7B2}.Release|Any CPU.ActiveCfg = Release|Any CPU
		{440C6BBD-362A-4242-A9A6-8130C61EF7B2}.Release|Any CPU.Build.0 = Release|Any CPU
		{55E42DBF-A747-4112-928F-E0E94C38D9E6}.Debug|Any CPU.ActiveCfg = Debug|Any CPU
		{55E42DBF-A747-4112-928F-E0E94C38D9E6}.Debug|Any CPU.Build.0 = Debug|Any CPU
		{55E42DBF-A747-4112-928F-E0E94C38D9E6}.Release|Any CPU.ActiveCfg = Release|Any CPU
		{55E42DBF-A747-4112-928F-E0E94C38D9E6}.Release|Any CPU.Build.0 = Release|Any CPU
		{B12DBE27-BDE6-42A6-A515-C607664577D8}.Debug|Any CPU.ActiveCfg = Debug|Any CPU
		{B12DBE27-BDE6-42A6-A515-C607664577D8}.Debug|Any CPU.Build.0 = Debug|Any CPU
		{B12DBE27-BDE6-42A6-A515-C607664577D8}.Release|Any CPU.ActiveCfg = Release|Any CPU
		{B12DBE27-BDE6-42A6-A515-C607664577D8}.Release|Any CPU.Build.0 = Release|Any CPU
		{90A29660-E1A6-43D1-80B2-426CCDF645C3}.Debug|Any CPU.ActiveCfg = Debug|Any CPU
		{90A29660-E1A6-43D1-80B2-426CCDF645C3}.Debug|Any CPU.Build.0 = Debug|Any CPU
		{90A29660-E1A6-43D1-80B2-426CCDF645C3}.Release|Any CPU.ActiveCfg = Release|Any CPU
		{90A29660-E1A6-43D1-80B2-426CCDF645C3}.Release|Any CPU.Build.0 = Release|Any CPU
		{B35E7897-14DE-47DD-BBFA-14F5B484FEB5}.Debug|Any CPU.ActiveCfg = Debug|Any CPU
		{B35E7897-14DE-47DD-BBFA-14F5B484FEB5}.Debug|Any CPU.Build.0 = Debug|Any CPU
		{B35E7897-14DE-47DD-BBFA-14F5B484FEB5}.Release|Any CPU.ActiveCfg = Release|Any CPU
		{B35E7897-14DE-47DD-BBFA-14F5B484FEB5}.Release|Any CPU.Build.0 = Release|Any CPU
		{212DA021-AE9D-4B08-A45E-F479C84D8C0D}.Debug|Any CPU.ActiveCfg = Debug|Any CPU
		{212DA021-AE9D-4B08-A45E-F479C84D8C0D}.Debug|Any CPU.Build.0 = Debug|Any CPU
		{212DA021-AE9D-4B08-A45E-F479C84D8C0D}.Release|Any CPU.ActiveCfg = Release|Any CPU
		{212DA021-AE9D-4B08-A45E-F479C84D8C0D}.Release|Any CPU.Build.0 = Release|Any CPU
		{3816344E-F3E3-4C45-9C10-EB81E30F6E24}.Debug|Any CPU.ActiveCfg = Debug|Any CPU
		{3816344E-F3E3-4C45-9C10-EB81E30F6E24}.Debug|Any CPU.Build.0 = Debug|Any CPU
		{3816344E-F3E3-4C45-9C10-EB81E30F6E24}.Release|Any CPU.ActiveCfg = Release|Any CPU
		{3816344E-F3E3-4C45-9C10-EB81E30F6E24}.Release|Any CPU.Build.0 = Release|Any CPU
	EndGlobalSection
	GlobalSection(SolutionProperties) = preSolution
		HideSolutionNode = FALSE
	EndGlobalSection
	GlobalSection(ExtensibilityGlobals) = postSolution
		SolutionGuid = {A4EFA553-5C9E-4233-8E42-AEC3725B77CC}
	EndGlobalSection
EndGlobal
